# This file is automatically @generated by Cargo.
# It is not intended for manual editing.
version = 4

[[package]]
name = "aho-corasick"
version = "1.1.3"
source = "registry+https://github.com/rust-lang/crates.io-index"
checksum = "8e60d3430d3a69478ad0993f19238d2df97c507009a52b3c10addcd7f6bcb916"
dependencies = [
 "memchr",
]

[[package]]
name = "allocator-api2"
version = "0.2.21"
source = "registry+https://github.com/rust-lang/crates.io-index"
checksum = "683d7910e743518b0e34f1186f92494becacb047c7b6bf616c96772180fef923"

[[package]]
name = "anstream"
version = "0.6.18"
source = "registry+https://github.com/rust-lang/crates.io-index"
checksum = "8acc5369981196006228e28809f761875c0327210a891e941f4c683b3a99529b"
dependencies = [
 "anstyle",
 "anstyle-parse",
 "anstyle-query",
 "anstyle-wincon",
 "colorchoice",
 "is_terminal_polyfill",
 "utf8parse",
]

[[package]]
name = "anstyle"
version = "1.0.10"
source = "registry+https://github.com/rust-lang/crates.io-index"
checksum = "55cc3b69f167a1ef2e161439aa98aed94e6028e5f9a59be9a6ffb47aef1651f9"

[[package]]
name = "anstyle-parse"
version = "0.2.6"
source = "registry+https://github.com/rust-lang/crates.io-index"
checksum = "3b2d16507662817a6a20a9ea92df6652ee4f94f914589377d69f3b21bc5798a9"
dependencies = [
 "utf8parse",
]

[[package]]
name = "anstyle-query"
version = "1.1.2"
source = "registry+https://github.com/rust-lang/crates.io-index"
checksum = "79947af37f4177cfead1110013d678905c37501914fba0efea834c3fe9a8d60c"
dependencies = [
 "windows-sys",
]

[[package]]
name = "anstyle-wincon"
version = "3.0.7"
source = "registry+https://github.com/rust-lang/crates.io-index"
checksum = "ca3534e77181a9cc07539ad51f2141fe32f6c3ffd4df76db8ad92346b003ae4e"
dependencies = [
 "anstyle",
 "once_cell",
 "windows-sys",
]

[[package]]
name = "arc-swap"
version = "1.7.1"
source = "registry+https://github.com/rust-lang/crates.io-index"
checksum = "69f7f8c3906b62b754cd5326047894316021dcfe5a194c8ea52bdd94934a3457"

[[package]]
name = "autocfg"
version = "1.4.0"
source = "registry+https://github.com/rust-lang/crates.io-index"
checksum = "ace50bade8e6234aa140d9a2f552bbee1db4d353f69b8217bc503490fc1a9f26"

[[package]]
name = "bincode"
version = "1.3.3"
source = "registry+https://github.com/rust-lang/crates.io-index"
checksum = "b1f45e9417d87227c7a56d22e471c6206462cba514c7590c09aff4cf6d1ddcad"
dependencies = [
 "serde",
]

[[package]]
name = "bit-set"
version = "0.8.0"
source = "registry+https://github.com/rust-lang/crates.io-index"
checksum = "08807e080ed7f9d5433fa9b275196cfc35414f66a0c79d864dc51a0d825231a3"
dependencies = [
 "bit-vec",
]

[[package]]
name = "bit-vec"
version = "0.8.0"
source = "registry+https://github.com/rust-lang/crates.io-index"
checksum = "5e764a1d40d510daf35e07be9eb06e75770908c27d411ee6c92109c9840eaaf7"

[[package]]
name = "bumpalo"
version = "3.19.0"
source = "registry+https://github.com/rust-lang/crates.io-index"
checksum = "46c5e41b57b8bba42a04676d81cb89e9ee8e859a1a66f80a5a72e1cb76b34d43"

[[package]]
name = "cfg-if"
version = "1.0.0"
source = "registry+https://github.com/rust-lang/crates.io-index"
checksum = "baf1de4339761588bc0619e3cbc0120ee582ebb74b53b4efbf79117bd2da40fd"

[[package]]
name = "colorchoice"
version = "1.0.3"
source = "registry+https://github.com/rust-lang/crates.io-index"
checksum = "5b63caa9aa9397e2d9480a9b13673856c78d8ac123288526c37d7839f2a86990"

[[package]]
name = "either"
version = "1.13.0"
source = "registry+https://github.com/rust-lang/crates.io-index"
checksum = "60b1af1c220855b6ceac025d3f6ecdd2b7c4894bfe9cd9bda4fbb4bc7c0d4cf0"

[[package]]
name = "env_filter"
version = "0.1.3"
source = "registry+https://github.com/rust-lang/crates.io-index"
checksum = "186e05a59d4c50738528153b83b0b0194d3a29507dfec16eccd4b342903397d0"
dependencies = [
 "log",
 "regex",
]

[[package]]
name = "env_logger"
version = "0.11.8"
source = "registry+https://github.com/rust-lang/crates.io-index"
checksum = "13c863f0904021b108aa8b2f55046443e6b1ebde8fd4a15c399893aae4fa069f"
dependencies = [
 "anstream",
 "anstyle",
 "env_filter",
 "jiff",
 "log",
]

[[package]]
name = "equivalent"
version = "1.0.2"
source = "registry+https://github.com/rust-lang/crates.io-index"
checksum = "877a4ace8713b0bcf2a4e7eec82529c029f1d0619886d18145fea96c3ffe5c0f"

[[package]]
name = "fancy-regex"
version = "0.16.2"
source = "registry+https://github.com/rust-lang/crates.io-index"
checksum = "998b056554fbe42e03ae0e152895cd1a7e1002aec800fdc6635d20270260c46f"
dependencies = [
 "bit-set",
 "regex-automata",
 "regex-syntax",
]

[[package]]
name = "foldhash"
version = "0.1.5"
source = "registry+https://github.com/rust-lang/crates.io-index"
checksum = "d9c4f5dac5e15c24eb999c26181a6ca40b39fe946cbe4c263c7209467bc83af2"

[[package]]
name = "getrandom"
version = "0.3.3"
source = "registry+https://github.com/rust-lang/crates.io-index"
checksum = "26145e563e54f2cadc477553f1ec5ee650b00862f0a58bcd12cbdc5f0ea2d2f4"
dependencies = [
 "cfg-if",
 "libc",
 "r-efi",
 "wasi",
]

[[package]]
name = "hashbrown"
version = "0.15.5"
source = "registry+https://github.com/rust-lang/crates.io-index"
checksum = "9229cfe53dfd69f0609a49f65461bd93001ea1ef889cd5529dd176593f5338a1"
dependencies = [
 "allocator-api2",
 "equivalent",
 "foldhash",
]

[[package]]
name = "hashbrown"
version = "0.16.0"
source = "registry+https://github.com/rust-lang/crates.io-index"
checksum = "5419bdc4f6a9207fbeba6d11b604d481addf78ecd10c11ad51e76c2f6482748d"

[[package]]
name = "heck"
version = "0.5.0"
source = "registry+https://github.com/rust-lang/crates.io-index"
checksum = "2304e00983f87ffb38b55b444b5e3b60a884b5d30c0fca7d82fe33449bbe55ea"

[[package]]
name = "indexmap"
version = "2.12.0"
source = "registry+https://github.com/rust-lang/crates.io-index"
checksum = "6717a8d2a5a929a1a2eb43a12812498ed141a0bcfb7e8f7844fbdbe4303bba9f"
dependencies = [
 "equivalent",
 "hashbrown 0.16.0",
]

[[package]]
name = "indoc"
version = "2.0.5"
source = "registry+https://github.com/rust-lang/crates.io-index"
checksum = "b248f5224d1d606005e02c97f5aa4e88eeb230488bcc03bc9ca4d7991399f2b5"

[[package]]
name = "is_terminal_polyfill"
version = "1.70.1"
source = "registry+https://github.com/rust-lang/crates.io-index"
checksum = "7943c866cc5cd64cbc25b2e01621d07fa8eb2a1a23160ee81ce38704e97b8ecf"

[[package]]
name = "itertools"
version = "0.14.0"
source = "registry+https://github.com/rust-lang/crates.io-index"
checksum = "2b192c782037fadd9cfa75548310488aabdbf3d2da73885b31bd0abd03351285"
dependencies = [
 "either",
]

[[package]]
name = "itoa"
version = "1.0.15"
source = "registry+https://github.com/rust-lang/crates.io-index"
checksum = "4a5f13b858c8d314ee3e8f639011f7ccefe71f97f96e50151fb991f267928e2c"

[[package]]
name = "jiff"
version = "0.2.15"
source = "registry+https://github.com/rust-lang/crates.io-index"
checksum = "be1f93b8b1eb69c77f24bbb0afdf66f54b632ee39af40ca21c4365a1d7347e49"
dependencies = [
 "jiff-static",
 "log",
 "portable-atomic",
 "portable-atomic-util",
 "serde",
]

[[package]]
name = "jiff-static"
version = "0.2.15"
source = "registry+https://github.com/rust-lang/crates.io-index"
checksum = "03343451ff899767262ec32146f6d559dd759fdadf42ff0e227c7c48f72594b4"
dependencies = [
 "proc-macro2",
 "quote",
 "syn",
]

[[package]]
name = "js-sys"
version = "0.3.80"
source = "registry+https://github.com/rust-lang/crates.io-index"
checksum = "852f13bec5eba4ba9afbeb93fd7c13fe56147f055939ae21c43a29a0ecb2702e"
dependencies = [
 "once_cell",
 "wasm-bindgen",
]

[[package]]
name = "libc"
version = "0.2.169"
source = "registry+https://github.com/rust-lang/crates.io-index"
checksum = "b5aba8db14291edd000dfcc4d620c7ebfb122c613afb886ca8803fa4e128a20a"

[[package]]
name = "log"
version = "0.4.28"
source = "registry+https://github.com/rust-lang/crates.io-index"
checksum = "34080505efa8e45a4b816c349525ebe327ceaa8559756f0356cba97ef3bf7432"

[[package]]
name = "memchr"
version = "2.7.4"
source = "registry+https://github.com/rust-lang/crates.io-index"
checksum = "78ca9ab1a0babb1e7d5695e3530886289c18cf2f87ec19a575a0abdce112e3a3"

[[package]]
name = "memoffset"
version = "0.9.1"
source = "registry+https://github.com/rust-lang/crates.io-index"
checksum = "488016bfae457b036d996092f6cb448677611ce4449e970ceaf42695203f218a"
dependencies = [
 "autocfg",
]

[[package]]
name = "once_cell"
version = "1.21.3"
source = "registry+https://github.com/rust-lang/crates.io-index"
checksum = "42f5e15c9953c5e4ccceeb2e7382a716482c34515315f7b03532b8b4e8393d2d"

[[package]]
name = "portable-atomic"
version = "1.10.0"
source = "registry+https://github.com/rust-lang/crates.io-index"
checksum = "280dc24453071f1b63954171985a0b0d30058d287960968b9b2aca264c8d4ee6"

[[package]]
name = "portable-atomic-util"
version = "0.2.4"
source = "registry+https://github.com/rust-lang/crates.io-index"
checksum = "d8a2f0d8d040d7848a709caf78912debcc3f33ee4b3cac47d73d1e1069e83507"
dependencies = [
 "portable-atomic",
]

[[package]]
name = "proc-macro2"
version = "1.0.93"
source = "registry+https://github.com/rust-lang/crates.io-index"
checksum = "60946a68e5f9d28b0dc1c21bb8a97ee7d018a8b322fa57838ba31cc878e22d99"
dependencies = [
 "unicode-ident",
]

[[package]]
name = "pyo3"
version = "0.26.0"
source = "registry+https://github.com/rust-lang/crates.io-index"
checksum = "7ba0117f4212101ee6544044dae45abe1083d30ce7b29c4b5cbdfa2354e07383"
dependencies = [
 "hashbrown 0.15.5",
 "indoc",
 "libc",
 "memoffset",
 "once_cell",
 "portable-atomic",
 "pyo3-build-config",
 "pyo3-ffi",
 "pyo3-macros",
 "unindent",
 "uuid",
]

[[package]]
name = "pyo3-build-config"
version = "0.26.0"
source = "registry+https://github.com/rust-lang/crates.io-index"
checksum = "4fc6ddaf24947d12a9aa31ac65431fb1b851b8f4365426e182901eabfb87df5f"
dependencies = [
 "target-lexicon",
]

[[package]]
name = "pyo3-ffi"
version = "0.26.0"
source = "registry+https://github.com/rust-lang/crates.io-index"
checksum = "025474d3928738efb38ac36d4744a74a400c901c7596199e20e45d98eb194105"
dependencies = [
 "libc",
 "pyo3-build-config",
]

[[package]]
name = "pyo3-log"
version = "0.13.0"
source = "registry+https://github.com/rust-lang/crates.io-index"
checksum = "833e6fdc21553e9938d9443050ed3c7787ac3c1a1aefccbd03dfae0c7a4be529"
dependencies = [
 "arc-swap",
 "log",
 "pyo3",
]

[[package]]
name = "pyo3-macros"
version = "0.26.0"
source = "registry+https://github.com/rust-lang/crates.io-index"
checksum = "2e64eb489f22fe1c95911b77c44cc41e7c19f3082fc81cce90f657cdc42ffded"
dependencies = [
 "proc-macro2",
 "pyo3-macros-backend",
 "quote",
 "syn",
]

[[package]]
name = "pyo3-macros-backend"
version = "0.26.0"
source = "registry+https://github.com/rust-lang/crates.io-index"
checksum = "100246c0ecf400b475341b8455a9213344569af29a3c841d29270e53102e0fcf"
dependencies = [
 "heck",
 "proc-macro2",
 "pyo3-build-config",
 "quote",
 "syn",
]

[[package]]
name = "quote"
version = "1.0.38"
source = "registry+https://github.com/rust-lang/crates.io-index"
checksum = "0e4dccaaaf89514f546c693ddc140f729f958c247918a13380cccc6078391acc"
dependencies = [
 "proc-macro2",
]

[[package]]
name = "r-efi"
version = "5.3.0"
source = "registry+https://github.com/rust-lang/crates.io-index"
checksum = "69cdb34c158ceb288df11e18b4bd39de994f6657d83847bdffdbd7f346754b0f"

[[package]]
name = "regex"
version = "1.11.2"
source = "registry+https://github.com/rust-lang/crates.io-index"
checksum = "23d7fd106d8c02486a8d64e778353d1cffe08ce79ac2e82f540c86d0facf6912"
dependencies = [
 "aho-corasick",
 "memchr",
 "regex-automata",
 "regex-syntax",
]

[[package]]
name = "regex-automata"
version = "0.4.9"
source = "registry+https://github.com/rust-lang/crates.io-index"
checksum = "809e8dc61f6de73b46c85f4c96486310fe304c434cfa43669d7b40f711150908"
dependencies = [
 "aho-corasick",
 "memchr",
 "regex-syntax",
]

[[package]]
name = "regex-syntax"
version = "0.8.5"
source = "registry+https://github.com/rust-lang/crates.io-index"
checksum = "2b15c43186be67a4fd63bee50d0303afffcef381492ebe2c5d87f324e1b8815c"

[[package]]
name = "rustversion"
version = "1.0.22"
source = "registry+https://github.com/rust-lang/crates.io-index"
checksum = "b39cdef0fa800fc44525c84ccb54a029961a8215f9619753635a9c0d2538d46d"

[[package]]
name = "ryu"
version = "1.0.20"
source = "registry+https://github.com/rust-lang/crates.io-index"
checksum = "28d3b2b1366ec20994f1fd18c3c594f05c5dd4bc44d8bb0c1c632c8d6829481f"

[[package]]
name = "serde"
version = "1.0.225"
source = "registry+https://github.com/rust-lang/crates.io-index"
checksum = "fd6c24dee235d0da097043389623fb913daddf92c76e9f5a1db88607a0bcbd1d"
dependencies = [
 "serde_core",
 "serde_derive",
]

[[package]]
name = "serde_core"
version = "1.0.225"
source = "registry+https://github.com/rust-lang/crates.io-index"
checksum = "659356f9a0cb1e529b24c01e43ad2bdf520ec4ceaf83047b83ddcc2251f96383"
dependencies = [
 "serde_derive",
]

[[package]]
name = "serde_derive"
version = "1.0.225"
source = "registry+https://github.com/rust-lang/crates.io-index"
checksum = "0ea936adf78b1f766949a4977b91d2f5595825bd6ec079aa9543ad2685fc4516"
dependencies = [
 "proc-macro2",
 "quote",
 "syn",
]

[[package]]
name = "serde_json"
version = "1.0.145"
source = "registry+https://github.com/rust-lang/crates.io-index"
checksum = "402a6f66d8c709116cf22f558eab210f5a50187f702eb4d7e5ef38d9a7f1c79c"
dependencies = [
 "itoa",
 "memchr",
 "ryu",
 "serde",
 "serde_core",
]

[[package]]
name = "serde_yaml"
version = "0.9.34+deprecated"
source = "registry+https://github.com/rust-lang/crates.io-index"
checksum = "6a8b1a1a2ebf674015cc02edccce75287f1a0130d394307b36743c2f5d504b47"
dependencies = [
 "indexmap",
 "itoa",
 "ryu",
 "serde",
 "unsafe-libyaml",
]

[[package]]
name = "slotmap"
version = "1.0.7"
source = "registry+https://github.com/rust-lang/crates.io-index"
checksum = "dbff4acf519f630b3a3ddcfaea6c06b42174d9a44bc70c620e9ed1649d58b82a"
dependencies = [
 "version_check",
]

[[package]]
name = "sqlfluffrs"
version = "0.1.0"
dependencies = [
 "bincode",
 "env_logger",
 "fancy-regex",
 "hashbrown 0.15.5",
 "itertools",
 "log",
 "once_cell",
 "pyo3",
 "pyo3-log",
 "regex",
 "serde",
 "serde_json",
 "serde_yaml",
 "slotmap",
 "uuid",
]

[[package]]
name = "syn"
version = "2.0.106"
source = "registry+https://github.com/rust-lang/crates.io-index"
checksum = "ede7c438028d4436d71104916910f5bb611972c5cfd7f89b8300a8186e6fada6"
dependencies = [
 "proc-macro2",
 "quote",
 "unicode-ident",
]

[[package]]
name = "target-lexicon"
version = "0.13.2"
source = "registry+https://github.com/rust-lang/crates.io-index"
checksum = "e502f78cdbb8ba4718f566c418c52bc729126ffd16baee5baa718cf25dd5a69a"

[[package]]
name = "unicode-ident"
version = "1.0.16"
source = "registry+https://github.com/rust-lang/crates.io-index"
checksum = "a210d160f08b701c8721ba1c726c11662f877ea6b7094007e1ca9a1041945034"

[[package]]
name = "unindent"
version = "0.2.3"
source = "registry+https://github.com/rust-lang/crates.io-index"
checksum = "c7de7d73e1754487cb58364ee906a499937a0dfabd86bcb980fa99ec8c8fa2ce"

[[package]]
name = "unsafe-libyaml"
version = "0.2.11"
source = "registry+https://github.com/rust-lang/crates.io-index"
checksum = "673aac59facbab8a9007c7f6108d11f63b603f7cabff99fabf650fea5c32b861"

[[package]]
name = "utf8parse"
version = "0.2.2"
source = "registry+https://github.com/rust-lang/crates.io-index"
checksum = "06abde3611657adf66d383f00b093d7faecc7fa57071cce2578660c9f1010821"

[[package]]
name = "uuid"
version = "1.18.1"
source = "registry+https://github.com/rust-lang/crates.io-index"
checksum = "2f87b8aa10b915a06587d0dec516c282ff295b475d94abf425d62b57710070a2"
dependencies = [
 "getrandom",
 "js-sys",
 "wasm-bindgen",
]

[[package]]
name = "version_check"
version = "0.9.5"
source = "registry+https://github.com/rust-lang/crates.io-index"
checksum = "0b928f33d975fc6ad9f86c8f283853ad26bdd5b10b7f1542aa2fa15e2289105a"

[[package]]
name = "wasi"
version = "0.14.7+wasi-0.2.4"
source = "registry+https://github.com/rust-lang/crates.io-index"
checksum = "883478de20367e224c0090af9cf5f9fa85bed63a95c1abf3afc5c083ebc06e8c"
dependencies = [
 "wasip2",
]

[[package]]
name = "wasip2"
version = "1.0.1+wasi-0.2.4"
source = "registry+https://github.com/rust-lang/crates.io-index"
checksum = "0562428422c63773dad2c345a1882263bbf4d65cf3f42e90921f787ef5ad58e7"
dependencies = [
 "wit-bindgen",
]

[[package]]
name = "wasm-bindgen"
version = "0.2.103"
source = "registry+https://github.com/rust-lang/crates.io-index"
checksum = "ab10a69fbd0a177f5f649ad4d8d3305499c42bab9aef2f7ff592d0ec8f833819"
dependencies = [
 "cfg-if",
 "once_cell",
 "rustversion",
 "wasm-bindgen-macro",
 "wasm-bindgen-shared",
]

[[package]]
name = "wasm-bindgen-backend"
version = "0.2.103"
source = "registry+https://github.com/rust-lang/crates.io-index"
checksum = "0bb702423545a6007bbc368fde243ba47ca275e549c8a28617f56f6ba53b1d1c"
dependencies = [
 "bumpalo",
 "log",
 "proc-macro2",
 "quote",
 "syn",
 "wasm-bindgen-shared",
]

[[package]]
name = "wasm-bindgen-macro"
version = "0.2.103"
source = "registry+https://github.com/rust-lang/crates.io-index"
checksum = "fc65f4f411d91494355917b605e1480033152658d71f722a90647f56a70c88a0"
dependencies = [
 "quote",
 "wasm-bindgen-macro-support",
]

[[package]]
name = "wasm-bindgen-macro-support"
version = "0.2.103"
source = "registry+https://github.com/rust-lang/crates.io-index"
checksum = "ffc003a991398a8ee604a401e194b6b3a39677b3173d6e74495eb51b82e99a32"
dependencies = [
 "proc-macro2",
 "quote",
 "syn",
 "wasm-bindgen-backend",
 "wasm-bindgen-shared",
]

[[package]]
name = "wasm-bindgen-shared"
version = "0.2.103"
source = "registry+https://github.com/rust-lang/crates.io-index"
checksum = "293c37f4efa430ca14db3721dfbe48d8c33308096bd44d80ebaa775ab71ba1cf"
dependencies = [
 "unicode-ident",
]

[[package]]
name = "windows-sys"
version = "0.59.0"
source = "registry+https://github.com/rust-lang/crates.io-index"
checksum = "1e38bc4d79ed67fd075bcc251a1c39b32a1776bbe92e5bef1f0bf1f8c531853b"
dependencies = [
 "windows-targets",
]

[[package]]
name = "windows-targets"
version = "0.52.6"
source = "registry+https://github.com/rust-lang/crates.io-index"
checksum = "9b724f72796e036ab90c1021d4780d4d3d648aca59e491e6b98e725b84e99973"
dependencies = [
 "windows_aarch64_gnullvm",
 "windows_aarch64_msvc",
 "windows_i686_gnu",
 "windows_i686_gnullvm",
 "windows_i686_msvc",
 "windows_x86_64_gnu",
 "windows_x86_64_gnullvm",
 "windows_x86_64_msvc",
]

[[package]]
name = "windows_aarch64_gnullvm"
version = "0.52.6"
source = "registry+https://github.com/rust-lang/crates.io-index"
checksum = "32a4622180e7a0ec044bb555404c800bc9fd9ec262ec147edd5989ccd0c02cd3"

[[package]]
name = "windows_aarch64_msvc"
version = "0.52.6"
source = "registry+https://github.com/rust-lang/crates.io-index"
checksum = "09ec2a7bb152e2252b53fa7803150007879548bc709c039df7627cabbd05d469"

[[package]]
name = "windows_i686_gnu"
version = "0.52.6"
source = "registry+https://github.com/rust-lang/crates.io-index"
checksum = "8e9b5ad5ab802e97eb8e295ac6720e509ee4c243f69d781394014ebfe8bbfa0b"

[[package]]
name = "windows_i686_gnullvm"
version = "0.52.6"
source = "registry+https://github.com/rust-lang/crates.io-index"
checksum = "0eee52d38c090b3caa76c563b86c3a4bd71ef1a819287c19d586d7334ae8ed66"

[[package]]
name = "windows_i686_msvc"
version = "0.52.6"
source = "registry+https://github.com/rust-lang/crates.io-index"
checksum = "240948bc05c5e7c6dabba28bf89d89ffce3e303022809e73deaefe4f6ec56c66"

[[package]]
name = "windows_x86_64_gnu"
version = "0.52.6"
source = "registry+https://github.com/rust-lang/crates.io-index"
checksum = "147a5c80aabfbf0c7d901cb5895d1de30ef2907eb21fbbab29ca94c5b08b1a78"

[[package]]
name = "windows_x86_64_gnullvm"
version = "0.52.6"
source = "registry+https://github.com/rust-lang/crates.io-index"
checksum = "24d5b23dc417412679681396f2b49f3de8c1473deb516bd34410872eff51ed0d"

[[package]]
name = "windows_x86_64_msvc"
version = "0.52.6"
source = "registry+https://github.com/rust-lang/crates.io-index"
checksum = "589f6da84c646204747d1270a2a5661ea66ed1cced2631d546fdfb155959f9ec"

[[package]]
name = "wit-bindgen"
version = "0.46.0"
source = "registry+https://github.com/rust-lang/crates.io-index"
checksum = "f17a85883d4e6d00e8a97c586de764dabcc06133f7f1d55dce5cdc070ad7fe59"
